
Microsoft Visual Studio Solution File, Format Version 12.00
# Visual Studio Version 17
VisualStudioVersion = 17.4.33110.190
MinimumVisualStudioVersion = 10.0.40219.1
Project("{FAE04EC0-301F-11D3-BF4B-00C04F79EFBC}") = "MS_Users_Auth", "MS_Users_Auth\MS_Users_Auth.csproj", "{F866F0CA-EEB9-4ED9-BD2A-069D284D2DE6}"
EndProject
Global
	GlobalSection(SolutionConfigurationPlatforms) = preSolution
		Debug|Any CPU = Debug|Any CPU
		Release|Any CPU = Release|Any CPU
	EndGlobalSection
	GlobalSection(ProjectConfigurationPlatforms) = postSolution
		{F866F0CA-EEB9-4ED9-BD2A-069D284D2DE6}.Debug|Any CPU.ActiveCfg = Debug|Any CPU
		{F866F0CA-EEB9-4ED9-BD2A-069D284D2DE6}.Debug|Any CPU.Build.0 = Debug|Any CPU
		{F866F0CA-EEB9-4ED9-BD2A-069D284D2DE6}.Release|Any CPU.ActiveCfg = Release|Any CPU
		{F866F0CA-EEB9-4ED9-BD2A-069D284D2DE6}.Release|Any CPU.Build.0 = Release|Any CPU
	EndGlobalSection
	GlobalSection(SolutionProperties) = preSolution
		HideSolutionNode = FALSE
	EndGlobalSection
	GlobalSection(ExtensibilityGlobals) = postSolution
		SolutionGuid = {77209DAF-CA70-4CF0-9A5D-FC4B85037F9C}
	EndGlobalSection
EndGlobal
